
Microsoft Visual Studio Solution File, Format Version 12.00
# Visual Studio 2013
VisualStudioVersion = 12.0.30110.0
MinimumVisualStudioVersion = 10.0.40219.1
Project("{FAE04EC0-301F-11D3-BF4B-00C04F79EFBC}") = "CPMS.User.Manager", "CPMS.User.Manager\CPMS.User.Manager.csproj", "{7C9848D9-805C-4419-94A7-FB9F2EF669C1}"
EndProject
Project("{2150E333-8FDC-42A3-9474-1A3956D46DE8}") = "Application", "Application", "{51EE20A4-4036-4943-A272-D20B8111BB3D}"
EndProject
Project("{2150E333-8FDC-42A3-9474-1A3956D46DE8}") = "Presentation", "Presentation", "{F83AA1D2-2E45-452B-8821-39EDD2E4FDD3}"
EndProject
Project("{2150E333-8FDC-42A3-9474-1A3956D46DE8}") = "Tests", "Tests", "{D0301AE8-6F2B-4695-96AC-D70D5920328D}"
EndProject
Project("{FAE04EC0-301F-11D3-BF4B-00C04F79EFBC}") = "CPMS.User.Manager.Tests", "CPMS.User.Manager.Tests\CPMS.User.Manager.Tests.csproj", "{C708BCCC-2434-4475-9D12-21D41A74F7C9}"
EndProject
Project("{FAE04EC0-301F-11D3-BF4B-00C04F79EFBC}") = "CPMS.User.Presentation", "CPMS.User.Presentation\CPMS.User.Presentation.csproj", "{C9904E47-68BE-4C56-82C8-44C0176673FC}"
EndProject
Project("{FAE04EC0-301F-11D3-BF4B-00C04F79EFBC}") = "CPMS.Authorization", "..\..\Common\Authorization\CPMS.Authorization\CPMS.Authorization\CPMS.Authorization.csproj", "{49427DA9-6067-4CD9-B50F-45CDBA7DB428}"
EndProject
Global
	GlobalSection(TeamFoundationVersionControl) = preSolution
		SccNumberOfProjects = 5
		SccEnterpriseProvider = {4CA58AB2-18FA-4F8D-95D4-32DDF27D184C}
		SccTeamFoundationServer = http://172.22.4.249:8080/tfs/minoxsys
		SccLocalPath0 = .
		SccProjectUniqueName1 = CPMS.User.Manager\\CPMS.User.Manager.csproj
		SccProjectTopLevelParentUniqueName1 = CPMS.User.Core.sln
		SccProjectName1 = CPMS.User.Manager
		SccLocalPath1 = CPMS.User.Manager
		SccProjectUniqueName2 = CPMS.User.Manager.Tests\\CPMS.User.Manager.Tests.csproj
		SccProjectTopLevelParentUniqueName2 = CPMS.User.Core.sln
		SccProjectName2 = CPMS.User.Manager.Tests
		SccLocalPath2 = CPMS.User.Manager.Tests
		SccProjectUniqueName3 = CPMS.User.Presentation\\CPMS.User.Presentation.csproj
		SccProjectTopLevelParentUniqueName3 = CPMS.User.Core.sln
		SccProjectName3 = CPMS.User.Presentation
		SccLocalPath3 = CPMS.User.Presentation
		SccProjectUniqueName4 = ..\\..\\Common\\Authorization\\CPMS.Authorization\\CPMS.Authorization\\CPMS.Authorization.csproj
		SccProjectTopLevelParentUniqueName4 = CPMS.User.Core.sln
		SccProjectName4 = ../../Common/Authorization/CPMS.Authorization/CPMS.Authorization
		SccLocalPath4 = ..\\..\\Common\\Authorization\\CPMS.Authorization\\CPMS.Authorization
	EndGlobalSection
	GlobalSection(SolutionConfigurationPlatforms) = preSolution
		Debug|Any CPU = Debug|Any CPU
		QA|Any CPU = QA|Any CPU
		Release|Any CPU = Release|Any CPU
	EndGlobalSection
	GlobalSection(ProjectConfigurationPlatforms) = postSolution
		{7C9848D9-805C-4419-94A7-FB9F2EF669C1}.Debug|Any CPU.ActiveCfg = Debug|Any CPU
		{7C9848D9-805C-4419-94A7-FB9F2EF669C1}.Debug|Any CPU.Build.0 = Debug|Any CPU
		{7C9848D9-805C-4419-94A7-FB9F2EF669C1}.QA|Any CPU.ActiveCfg = Release|Any CPU
		{7C9848D9-805C-4419-94A7-FB9F2EF669C1}.QA|Any CPU.Build.0 = Release|Any CPU
		{7C9848D9-805C-4419-94A7-FB9F2EF669C1}.Release|Any CPU.ActiveCfg = Release|Any CPU
		{7C9848D9-805C-4419-94A7-FB9F2EF669C1}.Release|Any CPU.Build.0 = Release|Any CPU
		{C708BCCC-2434-4475-9D12-21D41A74F7C9}.Debug|Any CPU.ActiveCfg = Debug|Any CPU
		{C708BCCC-2434-4475-9D12-21D41A74F7C9}.Debug|Any CPU.Build.0 = Debug|Any CPU
		{C708BCCC-2434-4475-9D12-21D41A74F7C9}.QA|Any CPU.ActiveCfg = Release|Any CPU
		{C708BCCC-2434-4475-9D12-21D41A74F7C9}.QA|Any CPU.Build.0 = Release|Any CPU
		{C708BCCC-2434-4475-9D12-21D41A74F7C9}.Release|Any CPU.ActiveCfg = Release|Any CPU
		{C708BCCC-2434-4475-9D12-21D41A74F7C9}.Release|Any CPU.Build.0 = Release|Any CPU
		{C9904E47-68BE-4C56-82C8-44C0176673FC}.Debug|Any CPU.ActiveCfg = Debug|Any CPU
		{C9904E47-68BE-4C56-82C8-44C0176673FC}.Debug|Any CPU.Build.0 = Debug|Any CPU
		{C9904E47-68BE-4C56-82C8-44C0176673FC}.QA|Any CPU.ActiveCfg = Release|Any CPU
		{C9904E47-68BE-4C56-82C8-44C0176673FC}.QA|Any CPU.Build.0 = Release|Any CPU
		{C9904E47-68BE-4C56-82C8-44C0176673FC}.Release|Any CPU.ActiveCfg = Release|Any CPU
		{C9904E47-68BE-4C56-82C8-44C0176673FC}.Release|Any CPU.Build.0 = Release|Any CPU
		{49427DA9-6067-4CD9-B50F-45CDBA7DB428}.Debug|Any CPU.ActiveCfg = Debug|Any CPU
		{49427DA9-6067-4CD9-B50F-45CDBA7DB428}.Debug|Any CPU.Build.0 = Debug|Any CPU
		{49427DA9-6067-4CD9-B50F-45CDBA7DB428}.QA|Any CPU.ActiveCfg = QA|Any CPU
		{49427DA9-6067-4CD9-B50F-45CDBA7DB428}.QA|Any CPU.Build.0 = QA|Any CPU
		{49427DA9-6067-4CD9-B50F-45CDBA7DB428}.Release|Any CPU.ActiveCfg = Release|Any CPU
		{49427DA9-6067-4CD9-B50F-45CDBA7DB428}.Release|Any CPU.Build.0 = Release|Any CPU
	EndGlobalSection
	GlobalSection(SolutionProperties) = preSolution
		HideSolutionNode = FALSE
	EndGlobalSection
	GlobalSection(NestedProjects) = preSolution
		{7C9848D9-805C-4419-94A7-FB9F2EF669C1} = {51EE20A4-4036-4943-A272-D20B8111BB3D}
		{49427DA9-6067-4CD9-B50F-45CDBA7DB428} = {51EE20A4-4036-4943-A272-D20B8111BB3D}
		{C9904E47-68BE-4C56-82C8-44C0176673FC} = {F83AA1D2-2E45-452B-8821-39EDD2E4FDD3}
		{C708BCCC-2434-4475-9D12-21D41A74F7C9} = {D0301AE8-6F2B-4695-96AC-D70D5920328D}
	EndGlobalSection
EndGlobal
