
Microsoft Visual Studio Solution File, Format Version 12.00
# Visual Studio 2013
VisualStudioVersion = 12.0.30110.0
MinimumVisualStudioVersion = 10.0.40219.1
Project("{FAE04EC0-301F-11D3-BF4B-00C04F79EFBC}") = "CPMS.Notification.Manager", "CPMS.Notification.Manager\CPMS.Notification.Manager.csproj", "{594C910B-4771-4D97-ADF9-066840BF496E}"
EndProject
Project("{2150E333-8FDC-42A3-9474-1A3956D46DE8}") = "Application", "Application", "{069DAA3B-3376-4FD4-8D63-702EA06E2DBC}"
EndProject
Project("{2150E333-8FDC-42A3-9474-1A3956D46DE8}") = "Presentation", "Presentation", "{4CA0643E-0FEA-467E-B5AD-E8E59A3FB721}"
EndProject
Project("{2150E333-8FDC-42A3-9474-1A3956D46DE8}") = "Domain", "Domain", "{927BA792-76D9-4C58-9EE0-4AEDABBAA69B}"
EndProject
Project("{2150E333-8FDC-42A3-9474-1A3956D46DE8}") = "Tests", "Tests", "{B92D9E4A-A1C1-4A5A-96DE-586C6C91A265}"
EndProject
Project("{FAE04EC0-301F-11D3-BF4B-00C04F79EFBC}") = "CPMS.Notification.Presentation", "CPMS.Notification.Presentation\CPMS.Notification.Presentation.csproj", "{3C0D9E18-5B71-4BEA-B66B-316BC4E86132}"
EndProject
Project("{FAE04EC0-301F-11D3-BF4B-00C04F79EFBC}") = "CPMS.Notification.Manager.Tests", "CPMS.Notification.Manager.Tests\CPMS.Notification.Manager.Tests.csproj", "{4205A574-4F50-452E-8967-E62D62388320}"
EndProject
Project("{FAE04EC0-301F-11D3-BF4B-00C04F79EFBC}") = "CPMS.Notification.Presentation.Tests", "CPMS.Notification.Presentation.Tests\CPMS.Notification.Presentation.Tests.csproj", "{4EDA6653-7A6A-45E7-A0B9-93B082F57459}"
EndProject
Project("{FAE04EC0-301F-11D3-BF4B-00C04F79EFBC}") = "CPMS.Domain", "..\..\Common\CPMS.Domain\CPMS.Domain\CPMS.Domain.csproj", "{029FCC94-02D3-48D7-AF63-BF50C1726EDF}"
EndProject
Project("{FAE04EC0-301F-11D3-BF4B-00C04F79EFBC}") = "CPMS.Domain.Tests", "..\..\Common\CPMS.Domain\CPMS.Domain.Tests\CPMS.Domain.Tests.csproj", "{5BDCB7AD-8C9C-4710-885E-243D1D383013}"
EndProject
Project("{FAE04EC0-301F-11D3-BF4B-00C04F79EFBC}") = "CPMS.Authorization", "..\..\Common\Authorization\CPMS.Authorization\CPMS.Authorization\CPMS.Authorization.csproj", "{49427DA9-6067-4CD9-B50F-45CDBA7DB428}"
EndProject
Global
	GlobalSection(TeamFoundationVersionControl) = preSolution
		SccNumberOfProjects = 8
		SccEnterpriseProvider = {4CA58AB2-18FA-4F8D-95D4-32DDF27D184C}
		SccTeamFoundationServer = http://172.22.4.249:8080/tfs/minoxsys
		SccLocalPath0 = .
		SccProjectUniqueName1 = CPMS.Notification.Manager\\CPMS.Notification.Manager.csproj
		SccProjectTopLevelParentUniqueName1 = CPMS.Notification.Core.sln
		SccProjectName1 = CPMS.Notification.Manager
		SccLocalPath1 = CPMS.Notification.Manager
		SccProjectUniqueName2 = CPMS.Notification.Presentation\\CPMS.Notification.Presentation.csproj
		SccProjectTopLevelParentUniqueName2 = CPMS.Notification.Core.sln
		SccProjectName2 = CPMS.Notification.Presentation
		SccLocalPath2 = CPMS.Notification.Presentation
		SccProjectUniqueName3 = CPMS.Notification.Manager.Tests\\CPMS.Notification.Manager.Tests.csproj
		SccProjectTopLevelParentUniqueName3 = CPMS.Notification.Core.sln
		SccProjectName3 = CPMS.Notification.Manager.Tests
		SccLocalPath3 = CPMS.Notification.Manager.Tests
		SccProjectUniqueName4 = CPMS.Notification.Presentation.Tests\\CPMS.Notification.Presentation.Tests.csproj
		SccProjectTopLevelParentUniqueName4 = CPMS.Notification.Core.sln
		SccProjectName4 = CPMS.Notification.Presentation.Tests
		SccLocalPath4 = CPMS.Notification.Presentation.Tests
		SccProjectUniqueName5 = ..\\..\\Common\\CPMS.Domain\\CPMS.Domain\\CPMS.Domain.csproj
		SccProjectTopLevelParentUniqueName5 = CPMS.Notification.Core.sln
		SccProjectName5 = ../../Common/CPMS.Domain/CPMS.Domain
		SccLocalPath5 = ..\\..\\Common\\CPMS.Domain\\CPMS.Domain
		SccProjectUniqueName6 = ..\\..\\Common\\CPMS.Domain\\CPMS.Domain.Tests\\CPMS.Domain.Tests.csproj
		SccProjectTopLevelParentUniqueName6 = CPMS.Notification.Core.sln
		SccProjectName6 = ../../Common/CPMS.Domain/CPMS.Domain.Tests
		SccLocalPath6 = ..\\..\\Common\\CPMS.Domain\\CPMS.Domain.Tests
		SccProjectUniqueName7 = ..\\..\\Common\\Authorization\\CPMS.Authorization\\CPMS.Authorization\\CPMS.Authorization.csproj
		SccProjectTopLevelParentUniqueName7 = CPMS.Notification.Core.sln
		SccProjectName7 = ../../Common/Authorization/CPMS.Authorization/CPMS.Authorization
		SccLocalPath7 = ..\\..\\Common\\Authorization\\CPMS.Authorization\\CPMS.Authorization
	EndGlobalSection
	GlobalSection(SolutionConfigurationPlatforms) = preSolution
		Debug|Any CPU = Debug|Any CPU
		QA|Any CPU = QA|Any CPU
		Release|Any CPU = Release|Any CPU
	EndGlobalSection
	GlobalSection(ProjectConfigurationPlatforms) = postSolution
		{594C910B-4771-4D97-ADF9-066840BF496E}.Debug|Any CPU.ActiveCfg = Debug|Any CPU
		{594C910B-4771-4D97-ADF9-066840BF496E}.Debug|Any CPU.Build.0 = Debug|Any CPU
		{594C910B-4771-4D97-ADF9-066840BF496E}.QA|Any CPU.ActiveCfg = Release|Any CPU
		{594C910B-4771-4D97-ADF9-066840BF496E}.QA|Any CPU.Build.0 = Release|Any CPU
		{594C910B-4771-4D97-ADF9-066840BF496E}.Release|Any CPU.ActiveCfg = Release|Any CPU
		{594C910B-4771-4D97-ADF9-066840BF496E}.Release|Any CPU.Build.0 = Release|Any CPU
		{3C0D9E18-5B71-4BEA-B66B-316BC4E86132}.Debug|Any CPU.ActiveCfg = Debug|Any CPU
		{3C0D9E18-5B71-4BEA-B66B-316BC4E86132}.Debug|Any CPU.Build.0 = Debug|Any CPU
		{3C0D9E18-5B71-4BEA-B66B-316BC4E86132}.QA|Any CPU.ActiveCfg = Release|Any CPU
		{3C0D9E18-5B71-4BEA-B66B-316BC4E86132}.QA|Any CPU.Build.0 = Release|Any CPU
		{3C0D9E18-5B71-4BEA-B66B-316BC4E86132}.Release|Any CPU.ActiveCfg = Release|Any CPU
		{3C0D9E18-5B71-4BEA-B66B-316BC4E86132}.Release|Any CPU.Build.0 = Release|Any CPU
		{4205A574-4F50-452E-8967-E62D62388320}.Debug|Any CPU.ActiveCfg = Debug|Any CPU
		{4205A574-4F50-452E-8967-E62D62388320}.Debug|Any CPU.Build.0 = Debug|Any CPU
		{4205A574-4F50-452E-8967-E62D62388320}.QA|Any CPU.ActiveCfg = Release|Any CPU
		{4205A574-4F50-452E-8967-E62D62388320}.QA|Any CPU.Build.0 = Release|Any CPU
		{4205A574-4F50-452E-8967-E62D62388320}.Release|Any CPU.ActiveCfg = Release|Any CPU
		{4205A574-4F50-452E-8967-E62D62388320}.Release|Any CPU.Build.0 = Release|Any CPU
		{4EDA6653-7A6A-45E7-A0B9-93B082F57459}.Debug|Any CPU.ActiveCfg = Debug|Any CPU
		{4EDA6653-7A6A-45E7-A0B9-93B082F57459}.Debug|Any CPU.Build.0 = Debug|Any CPU
		{4EDA6653-7A6A-45E7-A0B9-93B082F57459}.QA|Any CPU.ActiveCfg = Release|Any CPU
		{4EDA6653-7A6A-45E7-A0B9-93B082F57459}.QA|Any CPU.Build.0 = Release|Any CPU
		{4EDA6653-7A6A-45E7-A0B9-93B082F57459}.Release|Any CPU.ActiveCfg = Release|Any CPU
		{4EDA6653-7A6A-45E7-A0B9-93B082F57459}.Release|Any CPU.Build.0 = Release|Any CPU
		{029FCC94-02D3-48D7-AF63-BF50C1726EDF}.Debug|Any CPU.ActiveCfg = Debug|Any CPU
		{029FCC94-02D3-48D7-AF63-BF50C1726EDF}.Debug|Any CPU.Build.0 = Debug|Any CPU
		{029FCC94-02D3-48D7-AF63-BF50C1726EDF}.QA|Any CPU.ActiveCfg = QA|Any CPU
		{029FCC94-02D3-48D7-AF63-BF50C1726EDF}.QA|Any CPU.Build.0 = QA|Any CPU
		{029FCC94-02D3-48D7-AF63-BF50C1726EDF}.Release|Any CPU.ActiveCfg = Release|Any CPU
		{029FCC94-02D3-48D7-AF63-BF50C1726EDF}.Release|Any CPU.Build.0 = Release|Any CPU
		{5BDCB7AD-8C9C-4710-885E-243D1D383013}.Debug|Any CPU.ActiveCfg = Debug|Any CPU
		{5BDCB7AD-8C9C-4710-885E-243D1D383013}.Debug|Any CPU.Build.0 = Debug|Any CPU
		{5BDCB7AD-8C9C-4710-885E-243D1D383013}.QA|Any CPU.ActiveCfg = QA|Any CPU
		{5BDCB7AD-8C9C-4710-885E-243D1D383013}.QA|Any CPU.Build.0 = QA|Any CPU
		{5BDCB7AD-8C9C-4710-885E-243D1D383013}.Release|Any CPU.ActiveCfg = Release|Any CPU
		{5BDCB7AD-8C9C-4710-885E-243D1D383013}.Release|Any CPU.Build.0 = Release|Any CPU
		{49427DA9-6067-4CD9-B50F-45CDBA7DB428}.Debug|Any CPU.ActiveCfg = Debug|Any CPU
		{49427DA9-6067-4CD9-B50F-45CDBA7DB428}.Debug|Any CPU.Build.0 = Debug|Any CPU
		{49427DA9-6067-4CD9-B50F-45CDBA7DB428}.QA|Any CPU.ActiveCfg = QA|Any CPU
		{49427DA9-6067-4CD9-B50F-45CDBA7DB428}.QA|Any CPU.Build.0 = QA|Any CPU
		{49427DA9-6067-4CD9-B50F-45CDBA7DB428}.Release|Any CPU.ActiveCfg = Release|Any CPU
		{49427DA9-6067-4CD9-B50F-45CDBA7DB428}.Release|Any CPU.Build.0 = Release|Any CPU
	EndGlobalSection
	GlobalSection(SolutionProperties) = preSolution
		HideSolutionNode = FALSE
	EndGlobalSection
	GlobalSection(NestedProjects) = preSolution
		{594C910B-4771-4D97-ADF9-066840BF496E} = {069DAA3B-3376-4FD4-8D63-702EA06E2DBC}
		{49427DA9-6067-4CD9-B50F-45CDBA7DB428} = {069DAA3B-3376-4FD4-8D63-702EA06E2DBC}
		{3C0D9E18-5B71-4BEA-B66B-316BC4E86132} = {4CA0643E-0FEA-467E-B5AD-E8E59A3FB721}
		{029FCC94-02D3-48D7-AF63-BF50C1726EDF} = {927BA792-76D9-4C58-9EE0-4AEDABBAA69B}
		{4205A574-4F50-452E-8967-E62D62388320} = {B92D9E4A-A1C1-4A5A-96DE-586C6C91A265}
		{4EDA6653-7A6A-45E7-A0B9-93B082F57459} = {B92D9E4A-A1C1-4A5A-96DE-586C6C91A265}
		{5BDCB7AD-8C9C-4710-885E-243D1D383013} = {B92D9E4A-A1C1-4A5A-96DE-586C6C91A265}
	EndGlobalSection
EndGlobal
