
Microsoft Visual Studio Solution File, Format Version 12.00
# Visual Studio 2013
VisualStudioVersion = 12.0.30110.0
MinimumVisualStudioVersion = 10.0.40219.1
Project("{2150E333-8FDC-42A3-9474-1A3956D46DE8}") = "Adapters", "Adapters", "{68F8DC02-FE2F-4389-8EAC-E89FEE1335E0}"
EndProject
Project("{2150E333-8FDC-42A3-9474-1A3956D46DE8}") = "Core", "Core", "{2FC054D5-CBD9-498C-92C7-819A91D41C73}"
EndProject
Project("{2150E333-8FDC-42A3-9474-1A3956D46DE8}") = "Presentation", "Presentation", "{B365C112-A0C2-47A8-A720-0A4846DCD411}"
EndProject
Project("{2150E333-8FDC-42A3-9474-1A3956D46DE8}") = "Application", "Application", "{62427DA1-C709-499B-9258-0BC6100B69DD}"
EndProject
Project("{2150E333-8FDC-42A3-9474-1A3956D46DE8}") = "Domain", "Domain", "{7D07BB9E-2A72-4334-A4BF-2EF222434027}"
EndProject
Project("{2150E333-8FDC-42A3-9474-1A3956D46DE8}") = "Tests", "Tests", "{AA0B5C13-5297-45AB-A10C-62B3CE563BC7}"
EndProject
Project("{FAE04EC0-301F-11D3-BF4B-00C04F79EFBC}") = "CPMS.Patient.Manager", "..\CPMS.Patient.Core\CPMS.Patient.Manager\CPMS.Patient.Manager.csproj", "{D5918E13-9DCC-4C90-BF63-B9389CBEA562}"
EndProject
Project("{FAE04EC0-301F-11D3-BF4B-00C04F79EFBC}") = "CPMS.Patient.Presentation", "..\CPMS.Patient.Core\CPMS.Patient.Presentation\CPMS.Patient.Presentation.csproj", "{A9AD9CF3-5A94-4356-B511-5B8C88BC5A4B}"
EndProject
Project("{FAE04EC0-301F-11D3-BF4B-00C04F79EFBC}") = "CPMS.Patient.Manager.Tests", "..\CPMS.Patient.Core\CPMS.Patient.Manager.Tests\CPMS.Patient.Manager.Tests.csproj", "{617B6A32-4839-4601-A83F-E7DB31762C68}"
EndProject
Project("{FAE04EC0-301F-11D3-BF4B-00C04F79EFBC}") = "CPMS.Core.Adapters", "CPMS.Core.Adapters\CPMS.Core.Adapters.csproj", "{25971B16-E637-45B3-84B5-414C4D9572AD}"
EndProject
Project("{FAE04EC0-301F-11D3-BF4B-00C04F79EFBC}") = "CPMS.Patient.Delivery.Adapters", "CPMS.Patient.Delivery.Adapters\CPMS.Patient.Delivery.Adapters.csproj", "{986E3B69-78E9-450B-B58C-DC94F3B8E131}"
EndProject
Project("{FAE04EC0-301F-11D3-BF4B-00C04F79EFBC}") = "CPMS.Domain", "..\..\Common\CPMS.Domain\CPMS.Domain\CPMS.Domain.csproj", "{029FCC94-02D3-48D7-AF63-BF50C1726EDF}"
EndProject
Project("{FAE04EC0-301F-11D3-BF4B-00C04F79EFBC}") = "CPMS.Domain.Tests", "..\..\Common\CPMS.Domain\CPMS.Domain.Tests\CPMS.Domain.Tests.csproj", "{5BDCB7AD-8C9C-4710-885E-243D1D383013}"
EndProject
Project("{FAE04EC0-301F-11D3-BF4B-00C04F79EFBC}") = "CPMS.Authorization", "..\..\Common\Authorization\CPMS.Authorization\CPMS.Authorization\CPMS.Authorization.csproj", "{49427DA9-6067-4CD9-B50F-45CDBA7DB428}"
EndProject
Project("{FAE04EC0-301F-11D3-BF4B-00C04F79EFBC}") = "CPMS.Authorization.WebAPI", "..\..\Common\Authorization\CPMS.Authorization\CPMS.Authorization.WebAPI\CPMS.Authorization.WebAPI.csproj", "{48201BCE-0FD7-4AE5-BF3A-DC64D5813435}"
EndProject
Project("{FAE04EC0-301F-11D3-BF4B-00C04F79EFBC}") = "CPMS.Infrastructure.WebApi", "..\..\Common\Infrastructure\CPMS.Infrastructure.WebApi\CPMS.Infrastructure.WebApi.csproj", "{085C3D34-084D-4F48-A985-BABF30632355}"
EndProject
Global
	GlobalSection(TeamFoundationVersionControl) = preSolution
		SccNumberOfProjects = 11
		SccEnterpriseProvider = {4CA58AB2-18FA-4F8D-95D4-32DDF27D184C}
		SccTeamFoundationServer = http://172.22.4.249:8080/tfs/minoxsys
		SccLocalPath0 = .
		SccProjectUniqueName1 = ..\\CPMS.Patient.Core\\CPMS.Patient.Manager\\CPMS.Patient.Manager.csproj
		SccProjectTopLevelParentUniqueName1 = CPMS.Patient.Service.sln
		SccProjectName1 = ../CPMS.Patient.Core/CPMS.Patient.Manager
		SccLocalPath1 = ..\\CPMS.Patient.Core\\CPMS.Patient.Manager
		SccProjectUniqueName2 = ..\\CPMS.Patient.Core\\CPMS.Patient.Presentation\\CPMS.Patient.Presentation.csproj
		SccProjectTopLevelParentUniqueName2 = CPMS.Patient.Service.sln
		SccProjectName2 = ../CPMS.Patient.Core/CPMS.Patient.Presentation
		SccLocalPath2 = ..\\CPMS.Patient.Core\\CPMS.Patient.Presentation
		SccProjectUniqueName3 = ..\\CPMS.Patient.Core\\CPMS.Patient.Manager.Tests\\CPMS.Patient.Manager.Tests.csproj
		SccProjectTopLevelParentUniqueName3 = CPMS.Patient.Service.sln
		SccProjectName3 = ../CPMS.Patient.Core/CPMS.Patient.Manager.Tests
		SccLocalPath3 = ..\\CPMS.Patient.Core\\CPMS.Patient.Manager.Tests
		SccProjectUniqueName4 = CPMS.Core.Adapters\\CPMS.Core.Adapters.csproj
		SccProjectTopLevelParentUniqueName4 = CPMS.Patient.Service.sln
		SccProjectName4 = CPMS.Core.Adapters
		SccLocalPath4 = CPMS.Core.Adapters
		SccProjectUniqueName5 = CPMS.Patient.Delivery.Adapters\\CPMS.Patient.Delivery.Adapters.csproj
		SccProjectTopLevelParentUniqueName5 = CPMS.Patient.Service.sln
		SccProjectName5 = CPMS.Patient.Delivery.Adapters
		SccLocalPath5 = CPMS.Patient.Delivery.Adapters
		SccProjectUniqueName6 = ..\\..\\Common\\CPMS.Domain\\CPMS.Domain\\CPMS.Domain.csproj
		SccProjectTopLevelParentUniqueName6 = CPMS.Patient.Service.sln
		SccProjectName6 = ../../Common/CPMS.Domain/CPMS.Domain
		SccLocalPath6 = ..\\..\\Common\\CPMS.Domain\\CPMS.Domain
		SccProjectUniqueName7 = ..\\..\\Common\\CPMS.Domain\\CPMS.Domain.Tests\\CPMS.Domain.Tests.csproj
		SccProjectTopLevelParentUniqueName7 = CPMS.Patient.Service.sln
		SccProjectName7 = ../../Common/CPMS.Domain/CPMS.Domain.Tests
		SccLocalPath7 = ..\\..\\Common\\CPMS.Domain\\CPMS.Domain.Tests
		SccProjectUniqueName8 = ..\\..\\Common\\Authorization\\CPMS.Authorization\\CPMS.Authorization\\CPMS.Authorization.csproj
		SccProjectTopLevelParentUniqueName8 = CPMS.Patient.Service.sln
		SccProjectName8 = ../../Common/Authorization/CPMS.Authorization/CPMS.Authorization
		SccLocalPath8 = ..\\..\\Common\\Authorization\\CPMS.Authorization\\CPMS.Authorization
		SccProjectUniqueName9 = ..\\..\\Common\\Authorization\\CPMS.Authorization\\CPMS.Authorization.WebAPI\\CPMS.Authorization.WebAPI.csproj
		SccProjectTopLevelParentUniqueName9 = CPMS.Patient.Service.sln
		SccProjectName9 = ../../Common/Authorization/CPMS.Authorization/CPMS.Authorization.WebAPI
		SccLocalPath9 = ..\\..\\Common\\Authorization\\CPMS.Authorization\\CPMS.Authorization.WebAPI
		SccProjectUniqueName10 = ..\\..\\Common\\Infrastructure\\CPMS.Infrastructure.WebApi\\CPMS.Infrastructure.WebApi.csproj
		SccProjectTopLevelParentUniqueName10 = CPMS.Patient.Service.sln
		SccProjectName10 = ../../Common/Infrastructure/CPMS.Infrastructure.WebApi
		SccLocalPath10 = ..\\..\\Common\\Infrastructure\\CPMS.Infrastructure.WebApi
	EndGlobalSection
	GlobalSection(SolutionConfigurationPlatforms) = preSolution
		Debug|Any CPU = Debug|Any CPU
		QA|Any CPU = QA|Any CPU
		Release|Any CPU = Release|Any CPU
	EndGlobalSection
	GlobalSection(ProjectConfigurationPlatforms) = postSolution
		{D5918E13-9DCC-4C90-BF63-B9389CBEA562}.Debug|Any CPU.ActiveCfg = Debug|Any CPU
		{D5918E13-9DCC-4C90-BF63-B9389CBEA562}.Debug|Any CPU.Build.0 = Debug|Any CPU
		{D5918E13-9DCC-4C90-BF63-B9389CBEA562}.QA|Any CPU.ActiveCfg = QA|Any CPU
		{D5918E13-9DCC-4C90-BF63-B9389CBEA562}.QA|Any CPU.Build.0 = QA|Any CPU
		{D5918E13-9DCC-4C90-BF63-B9389CBEA562}.Release|Any CPU.ActiveCfg = Release|Any CPU
		{D5918E13-9DCC-4C90-BF63-B9389CBEA562}.Release|Any CPU.Build.0 = Release|Any CPU
		{A9AD9CF3-5A94-4356-B511-5B8C88BC5A4B}.Debug|Any CPU.ActiveCfg = Debug|Any CPU
		{A9AD9CF3-5A94-4356-B511-5B8C88BC5A4B}.Debug|Any CPU.Build.0 = Debug|Any CPU
		{A9AD9CF3-5A94-4356-B511-5B8C88BC5A4B}.QA|Any CPU.ActiveCfg = QA|Any CPU
		{A9AD9CF3-5A94-4356-B511-5B8C88BC5A4B}.QA|Any CPU.Build.0 = QA|Any CPU
		{A9AD9CF3-5A94-4356-B511-5B8C88BC5A4B}.Release|Any CPU.ActiveCfg = Release|Any CPU
		{A9AD9CF3-5A94-4356-B511-5B8C88BC5A4B}.Release|Any CPU.Build.0 = Release|Any CPU
		{617B6A32-4839-4601-A83F-E7DB31762C68}.Debug|Any CPU.ActiveCfg = Debug|Any CPU
		{617B6A32-4839-4601-A83F-E7DB31762C68}.Debug|Any CPU.Build.0 = Debug|Any CPU
		{617B6A32-4839-4601-A83F-E7DB31762C68}.QA|Any CPU.ActiveCfg = QA|Any CPU
		{617B6A32-4839-4601-A83F-E7DB31762C68}.QA|Any CPU.Build.0 = QA|Any CPU
		{617B6A32-4839-4601-A83F-E7DB31762C68}.Release|Any CPU.ActiveCfg = Release|Any CPU
		{617B6A32-4839-4601-A83F-E7DB31762C68}.Release|Any CPU.Build.0 = Release|Any CPU
		{25971B16-E637-45B3-84B5-414C4D9572AD}.Debug|Any CPU.ActiveCfg = Debug|Any CPU
		{25971B16-E637-45B3-84B5-414C4D9572AD}.Debug|Any CPU.Build.0 = Debug|Any CPU
		{25971B16-E637-45B3-84B5-414C4D9572AD}.QA|Any CPU.ActiveCfg = QA|Any CPU
		{25971B16-E637-45B3-84B5-414C4D9572AD}.QA|Any CPU.Build.0 = QA|Any CPU
		{25971B16-E637-45B3-84B5-414C4D9572AD}.Release|Any CPU.ActiveCfg = Release|Any CPU
		{25971B16-E637-45B3-84B5-414C4D9572AD}.Release|Any CPU.Build.0 = Release|Any CPU
		{986E3B69-78E9-450B-B58C-DC94F3B8E131}.Debug|Any CPU.ActiveCfg = Debug|Any CPU
		{986E3B69-78E9-450B-B58C-DC94F3B8E131}.Debug|Any CPU.Build.0 = Debug|Any CPU
		{986E3B69-78E9-450B-B58C-DC94F3B8E131}.QA|Any CPU.ActiveCfg = QA|Any CPU
		{986E3B69-78E9-450B-B58C-DC94F3B8E131}.QA|Any CPU.Build.0 = QA|Any CPU
		{986E3B69-78E9-450B-B58C-DC94F3B8E131}.Release|Any CPU.ActiveCfg = Release|Any CPU
		{986E3B69-78E9-450B-B58C-DC94F3B8E131}.Release|Any CPU.Build.0 = Release|Any CPU
		{029FCC94-02D3-48D7-AF63-BF50C1726EDF}.Debug|Any CPU.ActiveCfg = Debug|Any CPU
		{029FCC94-02D3-48D7-AF63-BF50C1726EDF}.Debug|Any CPU.Build.0 = Debug|Any CPU
		{029FCC94-02D3-48D7-AF63-BF50C1726EDF}.QA|Any CPU.ActiveCfg = QA|Any CPU
		{029FCC94-02D3-48D7-AF63-BF50C1726EDF}.QA|Any CPU.Build.0 = QA|Any CPU
		{029FCC94-02D3-48D7-AF63-BF50C1726EDF}.Release|Any CPU.ActiveCfg = Release|Any CPU
		{029FCC94-02D3-48D7-AF63-BF50C1726EDF}.Release|Any CPU.Build.0 = Release|Any CPU
		{5BDCB7AD-8C9C-4710-885E-243D1D383013}.Debug|Any CPU.ActiveCfg = Debug|Any CPU
		{5BDCB7AD-8C9C-4710-885E-243D1D383013}.Debug|Any CPU.Build.0 = Debug|Any CPU
		{5BDCB7AD-8C9C-4710-885E-243D1D383013}.QA|Any CPU.ActiveCfg = QA|Any CPU
		{5BDCB7AD-8C9C-4710-885E-243D1D383013}.QA|Any CPU.Build.0 = QA|Any CPU
		{5BDCB7AD-8C9C-4710-885E-243D1D383013}.Release|Any CPU.ActiveCfg = Release|Any CPU
		{5BDCB7AD-8C9C-4710-885E-243D1D383013}.Release|Any CPU.Build.0 = Release|Any CPU
		{49427DA9-6067-4CD9-B50F-45CDBA7DB428}.Debug|Any CPU.ActiveCfg = Debug|Any CPU
		{49427DA9-6067-4CD9-B50F-45CDBA7DB428}.Debug|Any CPU.Build.0 = Debug|Any CPU
		{49427DA9-6067-4CD9-B50F-45CDBA7DB428}.QA|Any CPU.ActiveCfg = QA|Any CPU
		{49427DA9-6067-4CD9-B50F-45CDBA7DB428}.QA|Any CPU.Build.0 = QA|Any CPU
		{49427DA9-6067-4CD9-B50F-45CDBA7DB428}.Release|Any CPU.ActiveCfg = Release|Any CPU
		{49427DA9-6067-4CD9-B50F-45CDBA7DB428}.Release|Any CPU.Build.0 = Release|Any CPU
		{48201BCE-0FD7-4AE5-BF3A-DC64D5813435}.Debug|Any CPU.ActiveCfg = Debug|Any CPU
		{48201BCE-0FD7-4AE5-BF3A-DC64D5813435}.Debug|Any CPU.Build.0 = Debug|Any CPU
		{48201BCE-0FD7-4AE5-BF3A-DC64D5813435}.QA|Any CPU.ActiveCfg = QA|Any CPU
		{48201BCE-0FD7-4AE5-BF3A-DC64D5813435}.QA|Any CPU.Build.0 = QA|Any CPU
		{48201BCE-0FD7-4AE5-BF3A-DC64D5813435}.Release|Any CPU.ActiveCfg = Release|Any CPU
		{48201BCE-0FD7-4AE5-BF3A-DC64D5813435}.Release|Any CPU.Build.0 = Release|Any CPU
		{085C3D34-084D-4F48-A985-BABF30632355}.Debug|Any CPU.ActiveCfg = Debug|Any CPU
		{085C3D34-084D-4F48-A985-BABF30632355}.Debug|Any CPU.Build.0 = Debug|Any CPU
		{085C3D34-084D-4F48-A985-BABF30632355}.QA|Any CPU.ActiveCfg = QA|Any CPU
		{085C3D34-084D-4F48-A985-BABF30632355}.QA|Any CPU.Build.0 = QA|Any CPU
		{085C3D34-084D-4F48-A985-BABF30632355}.Release|Any CPU.ActiveCfg = Release|Any CPU
		{085C3D34-084D-4F48-A985-BABF30632355}.Release|Any CPU.Build.0 = Release|Any CPU
	EndGlobalSection
	GlobalSection(SolutionProperties) = preSolution
		HideSolutionNode = FALSE
	EndGlobalSection
	GlobalSection(NestedProjects) = preSolution
		{25971B16-E637-45B3-84B5-414C4D9572AD} = {68F8DC02-FE2F-4389-8EAC-E89FEE1335E0}
		{986E3B69-78E9-450B-B58C-DC94F3B8E131} = {68F8DC02-FE2F-4389-8EAC-E89FEE1335E0}
		{48201BCE-0FD7-4AE5-BF3A-DC64D5813435} = {68F8DC02-FE2F-4389-8EAC-E89FEE1335E0}
		{085C3D34-084D-4F48-A985-BABF30632355} = {68F8DC02-FE2F-4389-8EAC-E89FEE1335E0}
		{B365C112-A0C2-47A8-A720-0A4846DCD411} = {2FC054D5-CBD9-498C-92C7-819A91D41C73}
		{62427DA1-C709-499B-9258-0BC6100B69DD} = {2FC054D5-CBD9-498C-92C7-819A91D41C73}
		{7D07BB9E-2A72-4334-A4BF-2EF222434027} = {2FC054D5-CBD9-498C-92C7-819A91D41C73}
		{AA0B5C13-5297-45AB-A10C-62B3CE563BC7} = {2FC054D5-CBD9-498C-92C7-819A91D41C73}
		{A9AD9CF3-5A94-4356-B511-5B8C88BC5A4B} = {B365C112-A0C2-47A8-A720-0A4846DCD411}
		{D5918E13-9DCC-4C90-BF63-B9389CBEA562} = {62427DA1-C709-499B-9258-0BC6100B69DD}
		{49427DA9-6067-4CD9-B50F-45CDBA7DB428} = {62427DA1-C709-499B-9258-0BC6100B69DD}
		{029FCC94-02D3-48D7-AF63-BF50C1726EDF} = {7D07BB9E-2A72-4334-A4BF-2EF222434027}
		{617B6A32-4839-4601-A83F-E7DB31762C68} = {AA0B5C13-5297-45AB-A10C-62B3CE563BC7}
		{5BDCB7AD-8C9C-4710-885E-243D1D383013} = {AA0B5C13-5297-45AB-A10C-62B3CE563BC7}
	EndGlobalSection
EndGlobal
