
Microsoft Visual Studio Solution File, Format Version 12.00
# Visual Studio 2013
VisualStudioVersion = 12.0.30501.0
MinimumVisualStudioVersion = 10.0.40219.1
Project("{2150E333-8FDC-42A3-9474-1A3956D46DE8}") = "Adapters", "Adapters", "{7648C0E4-9BE0-43FF-91EF-1247137F9767}"
EndProject
Project("{2150E333-8FDC-42A3-9474-1A3956D46DE8}") = "Core", "Core", "{C859E66E-6A4B-45EA-B627-D746B799D9A0}"
EndProject
Project("{2150E333-8FDC-42A3-9474-1A3956D46DE8}") = "Application", "Application", "{FD60A44F-6FF8-4D8E-A1FC-10EF09AE0D26}"
EndProject
Project("{2150E333-8FDC-42A3-9474-1A3956D46DE8}") = "Presentation", "Presentation", "{D1B5A25C-D7FD-490F-82C7-A9F7A1320B0D}"
EndProject
Project("{FAE04EC0-301F-11D3-BF4B-00C04F79EFBC}") = "CPMS.Admin.Application", "..\CPMS.Admin.Core\CPMS.Admin.Application\CPMS.Admin.Application.csproj", "{CD8DE916-896F-40FA-B5AE-E28BD00FD12B}"
EndProject
Project("{FAE04EC0-301F-11D3-BF4B-00C04F79EFBC}") = "CPMS.Admin.Presentation", "..\CPMS.Admin.Core\CPMS.Admin.Presentation\CPMS.Admin.Presentation.csproj", "{8DF5CDF9-0586-4C8E-A741-6977C35E6250}"
EndProject
Project("{FAE04EC0-301F-11D3-BF4B-00C04F79EFBC}") = "CPMS.Authorization", "..\..\Authorization\CPMS.Authorization\CPMS.Authorization\CPMS.Authorization.csproj", "{49427DA9-6067-4CD9-B50F-45CDBA7DB428}"
EndProject
Project("{FAE04EC0-301F-11D3-BF4B-00C04F79EFBC}") = "CPMS.Infrastructure.DI", "..\..\Infrastructure\CPMS.Infrastructure.DI\CPMS.Infrastructure.DI.csproj", "{80EAA5CA-4951-400A-A6CA-A65FFD60DCA0}"
EndProject
Project("{FAE04EC0-301F-11D3-BF4B-00C04F79EFBC}") = "CPMS.Admin.Delivery.Adapters", "CPMS.Admin.Delivery.Adapters\CPMS.Admin.Delivery.Adapters.csproj", "{5DB6F788-66DA-4FE3-B3A2-90EA41D95E95}"
EndProject
Project("{FAE04EC0-301F-11D3-BF4B-00C04F79EFBC}") = "CPMS.Admin.Core.Adapters", "CPMS.Admin.Core.Adapters\CPMS.Admin.Core.Adapters.csproj", "{07075CAB-4ED4-43EC-ABED-ECE19EE21E64}"
EndProject
Project("{2150E333-8FDC-42A3-9474-1A3956D46DE8}") = "Domain", "Domain", "{ADEEC798-0206-4017-BE94-79CAFABAC7FB}"
EndProject
Project("{FAE04EC0-301F-11D3-BF4B-00C04F79EFBC}") = "CPMS.Configuration", "..\..\Configuration\CPMS.Configuration\CPMS.Configuration.csproj", "{F6EDF3BD-5B5F-4F1C-B4C1-E1993D80090A}"
EndProject
Global
	GlobalSection(TeamFoundationVersionControl) = preSolution
		SccNumberOfProjects = 8
		SccEnterpriseProvider = {4CA58AB2-18FA-4F8D-95D4-32DDF27D184C}
		SccTeamFoundationServer = http://172.22.4.249:8080/tfs/minoxsys
		SccLocalPath0 = .
		SccProjectUniqueName1 = ..\\..\\Infrastructure\\CPMS.Infrastructure.DI\\CPMS.Infrastructure.DI.csproj
		SccProjectTopLevelParentUniqueName1 = CPMS.Admin.Application.sln
		SccProjectName1 = ../../Infrastructure/CPMS.Infrastructure.DI
		SccLocalPath1 = ..\\..\\Infrastructure\\CPMS.Infrastructure.DI
		SccProjectUniqueName2 = CPMS.Admin.Delivery.Adapters\\CPMS.Admin.Delivery.Adapters.csproj
		SccProjectTopLevelParentUniqueName2 = CPMS.Admin.Application.sln
		SccProjectName2 = CPMS.Admin.Delivery.Adapters
		SccLocalPath2 = CPMS.Admin.Delivery.Adapters
		SccProjectUniqueName3 = ..\\CPMS.Admin.Core\\CPMS.Admin.Application\\CPMS.Admin.Application.csproj
		SccProjectTopLevelParentUniqueName3 = CPMS.Admin.Application.sln
		SccProjectName3 = ../CPMS.Admin.Core/CPMS.Admin.Application
		SccLocalPath3 = ..\\CPMS.Admin.Core\\CPMS.Admin.Application
		SccProjectUniqueName4 = ..\\CPMS.Admin.Core\\CPMS.Admin.Presentation\\CPMS.Admin.Presentation.csproj
		SccProjectTopLevelParentUniqueName4 = CPMS.Admin.Application.sln
		SccProjectName4 = ../CPMS.Admin.Core/CPMS.Admin.Presentation
		SccLocalPath4 = ..\\CPMS.Admin.Core\\CPMS.Admin.Presentation
		SccProjectUniqueName5 = ..\\..\\Authorization\\CPMS.Authorization\\CPMS.Authorization\\CPMS.Authorization.csproj
		SccProjectTopLevelParentUniqueName5 = CPMS.Admin.Application.sln
		SccProjectName5 = ../../Authorization/CPMS.Authorization/CPMS.Authorization
		SccLocalPath5 = ..\\..\\Authorization\\CPMS.Authorization\\CPMS.Authorization
		SccProjectUniqueName6 = CPMS.Admin.Core.Adapters\\CPMS.Admin.Core.Adapters.csproj
		SccProjectTopLevelParentUniqueName6 = CPMS.Admin.Application.sln
		SccProjectName6 = CPMS.Admin.Core.Adapters
		SccLocalPath6 = CPMS.Admin.Core.Adapters
		SccProjectUniqueName7 = ..\\..\\Configuration\\CPMS.Configuration\\CPMS.Configuration.csproj
		SccProjectTopLevelParentUniqueName7 = CPMS.Admin.Application.sln
		SccProjectName7 = ../../Configuration/CPMS.Configuration
		SccLocalPath7 = ..\\..\\Configuration\\CPMS.Configuration
	EndGlobalSection
	GlobalSection(SolutionConfigurationPlatforms) = preSolution
		Debug|Any CPU = Debug|Any CPU
		QA|Any CPU = QA|Any CPU
		Release|Any CPU = Release|Any CPU
	EndGlobalSection
	GlobalSection(ProjectConfigurationPlatforms) = postSolution
		{CD8DE916-896F-40FA-B5AE-E28BD00FD12B}.Debug|Any CPU.ActiveCfg = Debug|Any CPU
		{CD8DE916-896F-40FA-B5AE-E28BD00FD12B}.Debug|Any CPU.Build.0 = Debug|Any CPU
		{CD8DE916-896F-40FA-B5AE-E28BD00FD12B}.QA|Any CPU.ActiveCfg = QA|Any CPU
		{CD8DE916-896F-40FA-B5AE-E28BD00FD12B}.QA|Any CPU.Build.0 = QA|Any CPU
		{CD8DE916-896F-40FA-B5AE-E28BD00FD12B}.Release|Any CPU.ActiveCfg = Release|Any CPU
		{CD8DE916-896F-40FA-B5AE-E28BD00FD12B}.Release|Any CPU.Build.0 = Release|Any CPU
		{8DF5CDF9-0586-4C8E-A741-6977C35E6250}.Debug|Any CPU.ActiveCfg = Debug|Any CPU
		{8DF5CDF9-0586-4C8E-A741-6977C35E6250}.Debug|Any CPU.Build.0 = Debug|Any CPU
		{8DF5CDF9-0586-4C8E-A741-6977C35E6250}.QA|Any CPU.ActiveCfg = QA|Any CPU
		{8DF5CDF9-0586-4C8E-A741-6977C35E6250}.QA|Any CPU.Build.0 = QA|Any CPU
		{8DF5CDF9-0586-4C8E-A741-6977C35E6250}.Release|Any CPU.ActiveCfg = Release|Any CPU
		{8DF5CDF9-0586-4C8E-A741-6977C35E6250}.Release|Any CPU.Build.0 = Release|Any CPU
		{49427DA9-6067-4CD9-B50F-45CDBA7DB428}.Debug|Any CPU.ActiveCfg = Debug|Any CPU
		{49427DA9-6067-4CD9-B50F-45CDBA7DB428}.Debug|Any CPU.Build.0 = Debug|Any CPU
		{49427DA9-6067-4CD9-B50F-45CDBA7DB428}.QA|Any CPU.ActiveCfg = QA|Any CPU
		{49427DA9-6067-4CD9-B50F-45CDBA7DB428}.QA|Any CPU.Build.0 = QA|Any CPU
		{49427DA9-6067-4CD9-B50F-45CDBA7DB428}.Release|Any CPU.ActiveCfg = Release|Any CPU
		{49427DA9-6067-4CD9-B50F-45CDBA7DB428}.Release|Any CPU.Build.0 = Release|Any CPU
		{80EAA5CA-4951-400A-A6CA-A65FFD60DCA0}.Debug|Any CPU.ActiveCfg = Debug|Any CPU
		{80EAA5CA-4951-400A-A6CA-A65FFD60DCA0}.Debug|Any CPU.Build.0 = Debug|Any CPU
		{80EAA5CA-4951-400A-A6CA-A65FFD60DCA0}.QA|Any CPU.ActiveCfg = QA|Any CPU
		{80EAA5CA-4951-400A-A6CA-A65FFD60DCA0}.QA|Any CPU.Build.0 = QA|Any CPU
		{80EAA5CA-4951-400A-A6CA-A65FFD60DCA0}.Release|Any CPU.ActiveCfg = Release|Any CPU
		{80EAA5CA-4951-400A-A6CA-A65FFD60DCA0}.Release|Any CPU.Build.0 = Release|Any CPU
		{5DB6F788-66DA-4FE3-B3A2-90EA41D95E95}.Debug|Any CPU.ActiveCfg = Debug|Any CPU
		{5DB6F788-66DA-4FE3-B3A2-90EA41D95E95}.Debug|Any CPU.Build.0 = Debug|Any CPU
		{5DB6F788-66DA-4FE3-B3A2-90EA41D95E95}.QA|Any CPU.ActiveCfg = QA|Any CPU
		{5DB6F788-66DA-4FE3-B3A2-90EA41D95E95}.QA|Any CPU.Build.0 = QA|Any CPU
		{5DB6F788-66DA-4FE3-B3A2-90EA41D95E95}.Release|Any CPU.ActiveCfg = Release|Any CPU
		{5DB6F788-66DA-4FE3-B3A2-90EA41D95E95}.Release|Any CPU.Build.0 = Release|Any CPU
		{07075CAB-4ED4-43EC-ABED-ECE19EE21E64}.Debug|Any CPU.ActiveCfg = Debug|Any CPU
		{07075CAB-4ED4-43EC-ABED-ECE19EE21E64}.Debug|Any CPU.Build.0 = Debug|Any CPU
		{07075CAB-4ED4-43EC-ABED-ECE19EE21E64}.QA|Any CPU.ActiveCfg = Release|Any CPU
		{07075CAB-4ED4-43EC-ABED-ECE19EE21E64}.QA|Any CPU.Build.0 = Release|Any CPU
		{07075CAB-4ED4-43EC-ABED-ECE19EE21E64}.Release|Any CPU.ActiveCfg = Release|Any CPU
		{07075CAB-4ED4-43EC-ABED-ECE19EE21E64}.Release|Any CPU.Build.0 = Release|Any CPU
		{F6EDF3BD-5B5F-4F1C-B4C1-E1993D80090A}.Debug|Any CPU.ActiveCfg = Debug|Any CPU
		{F6EDF3BD-5B5F-4F1C-B4C1-E1993D80090A}.Debug|Any CPU.Build.0 = Debug|Any CPU
		{F6EDF3BD-5B5F-4F1C-B4C1-E1993D80090A}.QA|Any CPU.ActiveCfg = Release|Any CPU
		{F6EDF3BD-5B5F-4F1C-B4C1-E1993D80090A}.QA|Any CPU.Build.0 = Release|Any CPU
		{F6EDF3BD-5B5F-4F1C-B4C1-E1993D80090A}.Release|Any CPU.ActiveCfg = Release|Any CPU
		{F6EDF3BD-5B5F-4F1C-B4C1-E1993D80090A}.Release|Any CPU.Build.0 = Release|Any CPU
	EndGlobalSection
	GlobalSection(SolutionProperties) = preSolution
		HideSolutionNode = FALSE
	EndGlobalSection
	GlobalSection(NestedProjects) = preSolution
		{FD60A44F-6FF8-4D8E-A1FC-10EF09AE0D26} = {C859E66E-6A4B-45EA-B627-D746B799D9A0}
		{D1B5A25C-D7FD-490F-82C7-A9F7A1320B0D} = {C859E66E-6A4B-45EA-B627-D746B799D9A0}
		{CD8DE916-896F-40FA-B5AE-E28BD00FD12B} = {FD60A44F-6FF8-4D8E-A1FC-10EF09AE0D26}
		{8DF5CDF9-0586-4C8E-A741-6977C35E6250} = {D1B5A25C-D7FD-490F-82C7-A9F7A1320B0D}
		{49427DA9-6067-4CD9-B50F-45CDBA7DB428} = {FD60A44F-6FF8-4D8E-A1FC-10EF09AE0D26}
		{80EAA5CA-4951-400A-A6CA-A65FFD60DCA0} = {7648C0E4-9BE0-43FF-91EF-1247137F9767}
		{5DB6F788-66DA-4FE3-B3A2-90EA41D95E95} = {7648C0E4-9BE0-43FF-91EF-1247137F9767}
		{07075CAB-4ED4-43EC-ABED-ECE19EE21E64} = {7648C0E4-9BE0-43FF-91EF-1247137F9767}
		{ADEEC798-0206-4017-BE94-79CAFABAC7FB} = {C859E66E-6A4B-45EA-B627-D746B799D9A0}
		{F6EDF3BD-5B5F-4F1C-B4C1-E1993D80090A} = {ADEEC798-0206-4017-BE94-79CAFABAC7FB}
	EndGlobalSection
EndGlobal
